
Microsoft Visual Studio Solution File, Format Version 12.00
# Visual Studio 15
VisualStudioVersion = 15.0.28307.2092
MinimumVisualStudioVersion = 10.0.40219.1
Project("{2150E333-8FDC-42A3-9474-1A3956D46DE8}") = "0_base", "0_base", "{F2B57F07-D365-41EE-9FC0-8431F43D925D}"
EndProject
Project("{8BC9CEB8-8B4A-11D0-8D11-00A0C91BC942}") = "libzlib", "thirdparty\zlib-1.2.12\libzlib.vcxproj", "{98370A1A-2305-3AE1-8D6B-0841290DE59E}"
EndProject
Project("{2150E333-8FDC-42A3-9474-1A3956D46DE8}") = "0_thirdparty", "0_thirdparty", "{DB4A55C3-B452-4BC4-B4EF-1952398E9480}"
EndProject
Project("{8BC9CEB8-8B4A-11D0-8D11-00A0C91BC942}") = "Qt5Core", "thirdparty\qt-5.9.6\include\QtCore\Qt5Core\Qt5Core.vcxproj", "{9CEF22B5-77DA-35C3-A3F1-1370923716FF}"
	ProjectSection(ProjectDependencies) = postProject
		{98370A1A-2305-3AE1-8D6B-0841290DE59E} = {98370A1A-2305-3AE1-8D6B-0841290DE59E}
		{A78DCBC4-077B-4884-A7F4-D9AF70EDB538} = {A78DCBC4-077B-4884-A7F4-D9AF70EDB538}
		{99362EC7-0565-399C-A660-B3934CBB0985} = {99362EC7-0565-399C-A660-B3934CBB0985}
	EndProjectSection
EndProject
Project("{8BC9CEB8-8B4A-11D0-8D11-00A0C91BC942}") = "libdouble-conversion", "thirdparty\double-conversion-3.2.1\libdouble-conversion.vcxproj", "{99362EC7-0565-399C-A660-B3934CBB0985}"
EndProject
Project("{8BC9CEB8-8B4A-11D0-8D11-00A0C91BC942}") = "libwinmain", "thirdparty\qt-5.9.6\include\QtCore\winmain\libwinmain.vcxproj", "{3BC06EFF-4EEF-36F5-9397-7759F5249BC3}"
EndProject
Project("{8BC9CEB8-8B4A-11D0-8D11-00A0C91BC942}") = "Qt5Gui", "thirdparty\qt-5.9.6\include\QtGui\Qt5Gui\Qt5Gui.vcxproj", "{8747F298-28A7-39D4-B357-E694E468431A}"
	ProjectSection(ProjectDependencies) = postProject
		{30B09509-2893-3529-A441-F1C5EB136B61} = {30B09509-2893-3529-A441-F1C5EB136B61}
		{98370A1A-2305-3AE1-8D6B-0841290DE59E} = {98370A1A-2305-3AE1-8D6B-0841290DE59E}
		{9CEF22B5-77DA-35C3-A3F1-1370923716FF} = {9CEF22B5-77DA-35C3-A3F1-1370923716FF}
		{82DE2ED1-8677-3FC4-B23A-5C95DA10E802} = {82DE2ED1-8677-3FC4-B23A-5C95DA10E802}
	EndProjectSection
EndProject
Project("{8BC9CEB8-8B4A-11D0-8D11-00A0C91BC942}") = "libpng", "thirdparty\png1637\libpng.vcxproj", "{30B09509-2893-3529-A441-F1C5EB136B61}"
EndProject
Project("{8BC9CEB8-8B4A-11D0-8D11-00A0C91BC942}") = "Qt5Widgets", "thirdparty\qt-5.9.6\include\QtWidgets\Qt5Widgets\Qt5Widgets.vcxproj", "{C0A665B1-1273-3BFA-A534-F45CE900E146}"
	ProjectSection(ProjectDependencies) = postProject
		{8747F298-28A7-39D4-B357-E694E468431A} = {8747F298-28A7-39D4-B357-E694E468431A}
		{9CEF22B5-77DA-35C3-A3F1-1370923716FF} = {9CEF22B5-77DA-35C3-A3F1-1370923716FF}
	EndProjectSection
EndProject
Project("{8BC9CEB8-8B4A-11D0-8D11-00A0C91BC942}") = "libQt5Core", "thirdparty\qt-5.9.6\include\QtCore\Qt5Core\libQt5Core.vcxproj", "{31A26811-4F69-4157-B6D2-95FE61E3D241}"
EndProject
Project("{8BC9CEB8-8B4A-11D0-8D11-00A0C91BC942}") = "libQt5Bootstrap", "thirdparty\qt-5.9.6\include\QtCore\Qt5Core\libQt5Bootstrap.vcxproj", "{8756F776-A681-35E2-88B7-FD5D854F5B96}"
EndProject
Project("{8BC9CEB8-8B4A-11D0-8D11-00A0C91BC942}") = "libQt5Gui", "thirdparty\qt-5.9.6\include\QtGui\Qt5Gui\libQt5Gui.vcxproj", "{8D92340F-7859-42DB-81D0-473F5CD8223C}"
EndProject
Project("{8BC9CEB8-8B4A-11D0-8D11-00A0C91BC942}") = "libQt5Widgets", "thirdparty\qt-5.9.6\include\QtWidgets\Qt5Widgets\libQt5Widgets.vcxproj", "{314BA769-24C8-4EA6-AC0D-D7CCB1A94D29}"
EndProject
Project("{8BC9CEB8-8B4A-11D0-8D11-00A0C91BC942}") = "libpcre2", "thirdparty\pcre2-10.40\libpcre2.vcxproj", "{647FC820-E8BC-311B-A785-1D950EEE347F}"
EndProject
Project("{2150E333-8FDC-42A3-9474-1A3956D46DE8}") = "1_qt", "1_qt", "{5C542014-D3B7-4F4C-8156-1DFB388BE549}"
EndProject
Project("{2150E333-8FDC-42A3-9474-1A3956D46DE8}") = "0_lib", "0_lib", "{6BFB8009-BC43-411F-B5F4-636313F580B8}"
EndProject
Project("{2150E333-8FDC-42A3-9474-1A3956D46DE8}") = "1_dll", "1_dll", "{4537AD95-809B-4FDE-A582-B33BF9102F3B}"
EndProject
Project("{2150E333-8FDC-42A3-9474-1A3956D46DE8}") = "0_lib", "0_lib", "{4DDE056E-1239-4A03-955E-3E6FC7BAEBC7}"
EndProject
Project("{8BC9CEB8-8B4A-11D0-8D11-00A0C91BC942}") = "libharfbuzz_qt", "thirdparty\qt-5.9.6\include\QtCore\3rdparty\harfbuzz_qt\libharfbuzz_qt.vcxproj", "{A78DCBC4-077B-4884-A7F4-D9AF70EDB538}"
EndProject
Project("{8BC9CEB8-8B4A-11D0-8D11-00A0C91BC942}") = "libharfbuzz-ng", "thirdparty\harfbuzz-ng-1.4.1\libharfbuzz-ng.vcxproj", "{82DE2ED1-8677-3FC4-B23A-5C95DA10E802}"
EndProject
Global
	GlobalSection(SolutionConfigurationPlatforms) = preSolution
		Debug|x64 = Debug|x64
		Release|x64 = Release|x64
	EndGlobalSection
	GlobalSection(ProjectConfigurationPlatforms) = postSolution
		{98370A1A-2305-3AE1-8D6B-0841290DE59E}.Debug|x64.ActiveCfg = Debug|x64
		{98370A1A-2305-3AE1-8D6B-0841290DE59E}.Debug|x64.Build.0 = Debug|x64
		{98370A1A-2305-3AE1-8D6B-0841290DE59E}.Release|x64.ActiveCfg = Release|x64
		{98370A1A-2305-3AE1-8D6B-0841290DE59E}.Release|x64.Build.0 = Release|x64
		{9CEF22B5-77DA-35C3-A3F1-1370923716FF}.Debug|x64.ActiveCfg = Debug|x64
		{9CEF22B5-77DA-35C3-A3F1-1370923716FF}.Debug|x64.Build.0 = Debug|x64
		{9CEF22B5-77DA-35C3-A3F1-1370923716FF}.Release|x64.ActiveCfg = Release|x64
		{9CEF22B5-77DA-35C3-A3F1-1370923716FF}.Release|x64.Build.0 = Release|x64
		{99362EC7-0565-399C-A660-B3934CBB0985}.Debug|x64.ActiveCfg = Debug|x64
		{99362EC7-0565-399C-A660-B3934CBB0985}.Debug|x64.Build.0 = Debug|x64
		{99362EC7-0565-399C-A660-B3934CBB0985}.Release|x64.ActiveCfg = Release|x64
		{99362EC7-0565-399C-A660-B3934CBB0985}.Release|x64.Build.0 = Release|x64
		{3BC06EFF-4EEF-36F5-9397-7759F5249BC3}.Debug|x64.ActiveCfg = Debug|x64
		{3BC06EFF-4EEF-36F5-9397-7759F5249BC3}.Debug|x64.Build.0 = Debug|x64
		{3BC06EFF-4EEF-36F5-9397-7759F5249BC3}.Release|x64.ActiveCfg = Release|x64
		{3BC06EFF-4EEF-36F5-9397-7759F5249BC3}.Release|x64.Build.0 = Release|x64
		{8747F298-28A7-39D4-B357-E694E468431A}.Debug|x64.ActiveCfg = Debug|x64
		{8747F298-28A7-39D4-B357-E694E468431A}.Debug|x64.Build.0 = Debug|x64
		{8747F298-28A7-39D4-B357-E694E468431A}.Release|x64.ActiveCfg = Release|x64
		{8747F298-28A7-39D4-B357-E694E468431A}.Release|x64.Build.0 = Release|x64
		{30B09509-2893-3529-A441-F1C5EB136B61}.Debug|x64.ActiveCfg = Debug|x64
		{30B09509-2893-3529-A441-F1C5EB136B61}.Debug|x64.Build.0 = Debug|x64
		{30B09509-2893-3529-A441-F1C5EB136B61}.Release|x64.ActiveCfg = Release|x64
		{30B09509-2893-3529-A441-F1C5EB136B61}.Release|x64.Build.0 = Release|x64
		{C0A665B1-1273-3BFA-A534-F45CE900E146}.Debug|x64.ActiveCfg = Debug|x64
		{C0A665B1-1273-3BFA-A534-F45CE900E146}.Debug|x64.Build.0 = Debug|x64
		{C0A665B1-1273-3BFA-A534-F45CE900E146}.Release|x64.ActiveCfg = Release|x64
		{C0A665B1-1273-3BFA-A534-F45CE900E146}.Release|x64.Build.0 = Release|x64
		{31A26811-4F69-4157-B6D2-95FE61E3D241}.Debug|x64.ActiveCfg = Debug|x64
		{31A26811-4F69-4157-B6D2-95FE61E3D241}.Debug|x64.Build.0 = Debug|x64
		{31A26811-4F69-4157-B6D2-95FE61E3D241}.Release|x64.ActiveCfg = Release|x64
		{31A26811-4F69-4157-B6D2-95FE61E3D241}.Release|x64.Build.0 = Release|x64
		{8756F776-A681-35E2-88B7-FD5D854F5B96}.Debug|x64.ActiveCfg = Debug|x64
		{8756F776-A681-35E2-88B7-FD5D854F5B96}.Debug|x64.Build.0 = Debug|x64
		{8756F776-A681-35E2-88B7-FD5D854F5B96}.Release|x64.ActiveCfg = Release|x64
		{8756F776-A681-35E2-88B7-FD5D854F5B96}.Release|x64.Build.0 = Release|x64
		{8D92340F-7859-42DB-81D0-473F5CD8223C}.Debug|x64.ActiveCfg = Debug|x64
		{8D92340F-7859-42DB-81D0-473F5CD8223C}.Debug|x64.Build.0 = Debug|x64
		{8D92340F-7859-42DB-81D0-473F5CD8223C}.Release|x64.ActiveCfg = Release|x64
		{8D92340F-7859-42DB-81D0-473F5CD8223C}.Release|x64.Build.0 = Release|x64
		{314BA769-24C8-4EA6-AC0D-D7CCB1A94D29}.Debug|x64.ActiveCfg = Debug|x64
		{314BA769-24C8-4EA6-AC0D-D7CCB1A94D29}.Debug|x64.Build.0 = Debug|x64
		{314BA769-24C8-4EA6-AC0D-D7CCB1A94D29}.Release|x64.ActiveCfg = Release|x64
		{314BA769-24C8-4EA6-AC0D-D7CCB1A94D29}.Release|x64.Build.0 = Release|x64
		{647FC820-E8BC-311B-A785-1D950EEE347F}.Debug|x64.ActiveCfg = Debug|x64
		{647FC820-E8BC-311B-A785-1D950EEE347F}.Debug|x64.Build.0 = Debug|x64
		{647FC820-E8BC-311B-A785-1D950EEE347F}.Release|x64.ActiveCfg = Release|x64
		{647FC820-E8BC-311B-A785-1D950EEE347F}.Release|x64.Build.0 = Release|x64
		{A78DCBC4-077B-4884-A7F4-D9AF70EDB538}.Debug|x64.ActiveCfg = Debug|x64
		{A78DCBC4-077B-4884-A7F4-D9AF70EDB538}.Debug|x64.Build.0 = Debug|x64
		{A78DCBC4-077B-4884-A7F4-D9AF70EDB538}.Release|x64.ActiveCfg = Release|x64
		{A78DCBC4-077B-4884-A7F4-D9AF70EDB538}.Release|x64.Build.0 = Release|x64
		{82DE2ED1-8677-3FC4-B23A-5C95DA10E802}.Debug|x64.ActiveCfg = Debug|x64
		{82DE2ED1-8677-3FC4-B23A-5C95DA10E802}.Debug|x64.Build.0 = Debug|x64
		{82DE2ED1-8677-3FC4-B23A-5C95DA10E802}.Release|x64.ActiveCfg = Release|x64
		{82DE2ED1-8677-3FC4-B23A-5C95DA10E802}.Release|x64.Build.0 = Release|x64
	EndGlobalSection
	GlobalSection(SolutionProperties) = preSolution
		HideSolutionNode = FALSE
	EndGlobalSection
	GlobalSection(NestedProjects) = preSolution
		{F2B57F07-D365-41EE-9FC0-8431F43D925D} = {DB4A55C3-B452-4BC4-B4EF-1952398E9480}
		{98370A1A-2305-3AE1-8D6B-0841290DE59E} = {4DDE056E-1239-4A03-955E-3E6FC7BAEBC7}
		{9CEF22B5-77DA-35C3-A3F1-1370923716FF} = {4537AD95-809B-4FDE-A582-B33BF9102F3B}
		{99362EC7-0565-399C-A660-B3934CBB0985} = {4DDE056E-1239-4A03-955E-3E6FC7BAEBC7}
		{3BC06EFF-4EEF-36F5-9397-7759F5249BC3} = {6BFB8009-BC43-411F-B5F4-636313F580B8}
		{8747F298-28A7-39D4-B357-E694E468431A} = {4537AD95-809B-4FDE-A582-B33BF9102F3B}
		{30B09509-2893-3529-A441-F1C5EB136B61} = {4DDE056E-1239-4A03-955E-3E6FC7BAEBC7}
		{C0A665B1-1273-3BFA-A534-F45CE900E146} = {4537AD95-809B-4FDE-A582-B33BF9102F3B}
		{31A26811-4F69-4157-B6D2-95FE61E3D241} = {6BFB8009-BC43-411F-B5F4-636313F580B8}
		{8756F776-A681-35E2-88B7-FD5D854F5B96} = {6BFB8009-BC43-411F-B5F4-636313F580B8}
		{8D92340F-7859-42DB-81D0-473F5CD8223C} = {6BFB8009-BC43-411F-B5F4-636313F580B8}
		{314BA769-24C8-4EA6-AC0D-D7CCB1A94D29} = {6BFB8009-BC43-411F-B5F4-636313F580B8}
		{647FC820-E8BC-311B-A785-1D950EEE347F} = {4DDE056E-1239-4A03-955E-3E6FC7BAEBC7}
		{5C542014-D3B7-4F4C-8156-1DFB388BE549} = {DB4A55C3-B452-4BC4-B4EF-1952398E9480}
		{6BFB8009-BC43-411F-B5F4-636313F580B8} = {5C542014-D3B7-4F4C-8156-1DFB388BE549}
		{4537AD95-809B-4FDE-A582-B33BF9102F3B} = {5C542014-D3B7-4F4C-8156-1DFB388BE549}
		{4DDE056E-1239-4A03-955E-3E6FC7BAEBC7} = {F2B57F07-D365-41EE-9FC0-8431F43D925D}
		{A78DCBC4-077B-4884-A7F4-D9AF70EDB538} = {6BFB8009-BC43-411F-B5F4-636313F580B8}
		{82DE2ED1-8677-3FC4-B23A-5C95DA10E802} = {4DDE056E-1239-4A03-955E-3E6FC7BAEBC7}
	EndGlobalSection
	GlobalSection(ExtensibilityGlobals) = postSolution
		SolutionGuid = {46830CAB-1B9A-321F-8269-80FB0B3AEE38}
	EndGlobalSection
EndGlobal
