
Microsoft Visual Studio Solution File, Format Version 12.00
# Visual Studio 15
VisualStudioVersion = 15.0.28307.2092
MinimumVisualStudioVersion = 10.0.40219.1
Project("{2150E333-8FDC-42A3-9474-1A3956D46DE8}") = "0_thirdparty", "0_thirdparty", "{EBBBC5AB-E662-45E5-BA81-FB445F6B829F}"
EndProject
Project("{8BC9CEB8-8B4A-11D0-8D11-00A0C91BC942}") = "libzlib", "thirdparty\zlib-1.2.12\libzlib_linux.vcxproj", "{791642ED-9E59-4F42-927B-3562F869D9C1}"
EndProject
Project("{2150E333-8FDC-42A3-9474-1A3956D46DE8}") = "0_lib", "0_lib", "{AD220DBB-85EC-4BC1-B9AC-5C538787DC5F}"
EndProject
Project("{8BC9CEB8-8B4A-11D0-8D11-00A0C91BC942}") = "libdouble-conversion", "thirdparty\double-conversion-3.2.1\libdouble-conversion_linux.vcxproj", "{801AAD73-2EEF-4370-88E8-879D7A2B5552}"
EndProject
Project("{8BC9CEB8-8B4A-11D0-8D11-00A0C91BC942}") = "libpcre2", "thirdparty\pcre2-10.40\libpcre2_linux.vcxproj", "{C8A9C2E3-90A2-4CDA-BD7F-6EC57AD5030E}"
EndProject
Project("{8BC9CEB8-8B4A-11D0-8D11-00A0C91BC942}") = "libpng", "thirdparty\png1637\libpng_linux.vcxproj", "{64115EAD-0022-4772-9495-D640DC7BECD2}"
EndProject
Project("{2150E333-8FDC-42A3-9474-1A3956D46DE8}") = "0_base", "0_base", "{C1CC51C0-5735-49CA-BF1A-E62FBBF1D60B}"
EndProject
Project("{2150E333-8FDC-42A3-9474-1A3956D46DE8}") = "1_qt", "1_qt", "{C0BFDE5D-F260-44CB-8C36-D367B9299AA1}"
EndProject
Project("{2150E333-8FDC-42A3-9474-1A3956D46DE8}") = "0_lib", "0_lib", "{639FDB93-C0D0-4D4D-A4FE-F62A9D47B1EA}"
EndProject
Project("{2150E333-8FDC-42A3-9474-1A3956D46DE8}") = "1_dll", "1_dll", "{50F0E14F-9731-436E-96A2-2A8D424494CB}"
EndProject
Project("{2150E333-8FDC-42A3-9474-1A3956D46DE8}") = "1_dll", "1_dll", "{9B2F266F-4DD6-422D-9E8C-8C5403D23278}"
EndProject
Project("{8BC9CEB8-8B4A-11D0-8D11-00A0C91BC942}") = "zlib", "thirdparty\zlib-1.2.12\zlib_linux.vcxproj", "{CE378188-FDBB-4EF5-A62D-20150CD4EEE3}"
EndProject
Project("{8BC9CEB8-8B4A-11D0-8D11-00A0C91BC942}") = "png", "thirdparty\png1637\png_linux.vcxproj", "{218D85B6-8E46-426C-A5D3-94E6BF5096C2}"
	ProjectSection(ProjectDependencies) = postProject
		{CE378188-FDBB-4EF5-A62D-20150CD4EEE3} = {CE378188-FDBB-4EF5-A62D-20150CD4EEE3}
	EndProjectSection
EndProject
Project("{8BC9CEB8-8B4A-11D0-8D11-00A0C91BC942}") = "pcre2", "thirdparty\pcre2-10.40\pcre2_linux.vcxproj", "{95CD307E-F00B-40C8-A746-12AC94AD847A}"
EndProject
Project("{8BC9CEB8-8B4A-11D0-8D11-00A0C91BC942}") = "double-conversion", "thirdparty\double-conversion-3.2.1\double-conversion_linux.vcxproj", "{01D0A2E9-8950-4B61-B13C-7A077D47C120}"
EndProject
Project("{8BC9CEB8-8B4A-11D0-8D11-00A0C91BC942}") = "libharfbuzz-ng", "thirdparty\harfbuzz-ng-1.4.1\libharfbuzz-ng_linux.vcxproj", "{662E815E-3C9E-4AC6-AD5D-0265A3F4473B}"
EndProject
Project("{8BC9CEB8-8B4A-11D0-8D11-00A0C91BC942}") = "harfbuzz-ng", "thirdparty\harfbuzz-ng-1.4.1\harfbuzz-ng_linux.vcxproj", "{B9ED4A9A-CE54-4E0D-BC45-4A8E6D381B51}"
EndProject
Project("{8BC9CEB8-8B4A-11D0-8D11-00A0C91BC942}") = "zlib", "thirdparty\qt-5.9.6\include\QtCore\Qt5Core\Qt5Core_linux.vcxproj", "{8EF892BB-9E73-4BAF-A2E7-F910D7A3C2B0}"
EndProject
Global
	GlobalSection(SolutionConfigurationPlatforms) = preSolution
		Debug|x64 = Debug|x64
		Release|x64 = Release|x64
	EndGlobalSection
	GlobalSection(ProjectConfigurationPlatforms) = postSolution
		{791642ED-9E59-4F42-927B-3562F869D9C1}.Debug|x64.ActiveCfg = Debug|x64
		{791642ED-9E59-4F42-927B-3562F869D9C1}.Debug|x64.Build.0 = Debug|x64
		{791642ED-9E59-4F42-927B-3562F869D9C1}.Release|x64.ActiveCfg = Release|x64
		{791642ED-9E59-4F42-927B-3562F869D9C1}.Release|x64.Build.0 = Release|x64
		{801AAD73-2EEF-4370-88E8-879D7A2B5552}.Debug|x64.ActiveCfg = Debug|x64
		{801AAD73-2EEF-4370-88E8-879D7A2B5552}.Debug|x64.Build.0 = Debug|x64
		{801AAD73-2EEF-4370-88E8-879D7A2B5552}.Release|x64.ActiveCfg = Release|x64
		{801AAD73-2EEF-4370-88E8-879D7A2B5552}.Release|x64.Build.0 = Release|x64
		{C8A9C2E3-90A2-4CDA-BD7F-6EC57AD5030E}.Debug|x64.ActiveCfg = Debug|x64
		{C8A9C2E3-90A2-4CDA-BD7F-6EC57AD5030E}.Debug|x64.Build.0 = Debug|x64
		{C8A9C2E3-90A2-4CDA-BD7F-6EC57AD5030E}.Release|x64.ActiveCfg = Release|x64
		{C8A9C2E3-90A2-4CDA-BD7F-6EC57AD5030E}.Release|x64.Build.0 = Release|x64
		{64115EAD-0022-4772-9495-D640DC7BECD2}.Debug|x64.ActiveCfg = Debug|x64
		{64115EAD-0022-4772-9495-D640DC7BECD2}.Debug|x64.Build.0 = Debug|x64
		{64115EAD-0022-4772-9495-D640DC7BECD2}.Release|x64.ActiveCfg = Release|x64
		{64115EAD-0022-4772-9495-D640DC7BECD2}.Release|x64.Build.0 = Release|x64
		{CE378188-FDBB-4EF5-A62D-20150CD4EEE3}.Debug|x64.ActiveCfg = Debug|x64
		{CE378188-FDBB-4EF5-A62D-20150CD4EEE3}.Debug|x64.Build.0 = Debug|x64
		{CE378188-FDBB-4EF5-A62D-20150CD4EEE3}.Release|x64.ActiveCfg = Release|x64
		{CE378188-FDBB-4EF5-A62D-20150CD4EEE3}.Release|x64.Build.0 = Release|x64
		{218D85B6-8E46-426C-A5D3-94E6BF5096C2}.Debug|x64.ActiveCfg = Debug|x64
		{218D85B6-8E46-426C-A5D3-94E6BF5096C2}.Debug|x64.Build.0 = Debug|x64
		{218D85B6-8E46-426C-A5D3-94E6BF5096C2}.Release|x64.ActiveCfg = Release|x64
		{218D85B6-8E46-426C-A5D3-94E6BF5096C2}.Release|x64.Build.0 = Release|x64
		{95CD307E-F00B-40C8-A746-12AC94AD847A}.Debug|x64.ActiveCfg = Debug|x64
		{95CD307E-F00B-40C8-A746-12AC94AD847A}.Debug|x64.Build.0 = Debug|x64
		{95CD307E-F00B-40C8-A746-12AC94AD847A}.Release|x64.ActiveCfg = Release|x64
		{95CD307E-F00B-40C8-A746-12AC94AD847A}.Release|x64.Build.0 = Release|x64
		{01D0A2E9-8950-4B61-B13C-7A077D47C120}.Debug|x64.ActiveCfg = Debug|x64
		{01D0A2E9-8950-4B61-B13C-7A077D47C120}.Debug|x64.Build.0 = Debug|x64
		{01D0A2E9-8950-4B61-B13C-7A077D47C120}.Release|x64.ActiveCfg = Release|x64
		{01D0A2E9-8950-4B61-B13C-7A077D47C120}.Release|x64.Build.0 = Release|x64
		{662E815E-3C9E-4AC6-AD5D-0265A3F4473B}.Debug|x64.ActiveCfg = Debug|x64
		{662E815E-3C9E-4AC6-AD5D-0265A3F4473B}.Debug|x64.Build.0 = Debug|x64
		{662E815E-3C9E-4AC6-AD5D-0265A3F4473B}.Release|x64.ActiveCfg = Release|x64
		{662E815E-3C9E-4AC6-AD5D-0265A3F4473B}.Release|x64.Build.0 = Release|x64
		{B9ED4A9A-CE54-4E0D-BC45-4A8E6D381B51}.Debug|x64.ActiveCfg = Debug|x64
		{B9ED4A9A-CE54-4E0D-BC45-4A8E6D381B51}.Debug|x64.Build.0 = Debug|x64
		{B9ED4A9A-CE54-4E0D-BC45-4A8E6D381B51}.Release|x64.ActiveCfg = Release|x64
		{B9ED4A9A-CE54-4E0D-BC45-4A8E6D381B51}.Release|x64.Build.0 = Release|x64
		{8EF892BB-9E73-4BAF-A2E7-F910D7A3C2B0}.Debug|x64.ActiveCfg = Debug|x64
		{8EF892BB-9E73-4BAF-A2E7-F910D7A3C2B0}.Debug|x64.Build.0 = Debug|x64
		{8EF892BB-9E73-4BAF-A2E7-F910D7A3C2B0}.Release|x64.ActiveCfg = Release|x64
		{8EF892BB-9E73-4BAF-A2E7-F910D7A3C2B0}.Release|x64.Build.0 = Release|x64
	EndGlobalSection
	GlobalSection(SolutionProperties) = preSolution
		HideSolutionNode = FALSE
	EndGlobalSection
	GlobalSection(NestedProjects) = preSolution
		{791642ED-9E59-4F42-927B-3562F869D9C1} = {AD220DBB-85EC-4BC1-B9AC-5C538787DC5F}
		{AD220DBB-85EC-4BC1-B9AC-5C538787DC5F} = {C1CC51C0-5735-49CA-BF1A-E62FBBF1D60B}
		{801AAD73-2EEF-4370-88E8-879D7A2B5552} = {AD220DBB-85EC-4BC1-B9AC-5C538787DC5F}
		{C8A9C2E3-90A2-4CDA-BD7F-6EC57AD5030E} = {AD220DBB-85EC-4BC1-B9AC-5C538787DC5F}
		{64115EAD-0022-4772-9495-D640DC7BECD2} = {AD220DBB-85EC-4BC1-B9AC-5C538787DC5F}
		{C1CC51C0-5735-49CA-BF1A-E62FBBF1D60B} = {EBBBC5AB-E662-45E5-BA81-FB445F6B829F}
		{C0BFDE5D-F260-44CB-8C36-D367B9299AA1} = {EBBBC5AB-E662-45E5-BA81-FB445F6B829F}
		{639FDB93-C0D0-4D4D-A4FE-F62A9D47B1EA} = {C0BFDE5D-F260-44CB-8C36-D367B9299AA1}
		{50F0E14F-9731-436E-96A2-2A8D424494CB} = {C0BFDE5D-F260-44CB-8C36-D367B9299AA1}
		{9B2F266F-4DD6-422D-9E8C-8C5403D23278} = {C1CC51C0-5735-49CA-BF1A-E62FBBF1D60B}
		{CE378188-FDBB-4EF5-A62D-20150CD4EEE3} = {9B2F266F-4DD6-422D-9E8C-8C5403D23278}
		{218D85B6-8E46-426C-A5D3-94E6BF5096C2} = {9B2F266F-4DD6-422D-9E8C-8C5403D23278}
		{95CD307E-F00B-40C8-A746-12AC94AD847A} = {9B2F266F-4DD6-422D-9E8C-8C5403D23278}
		{01D0A2E9-8950-4B61-B13C-7A077D47C120} = {9B2F266F-4DD6-422D-9E8C-8C5403D23278}
		{662E815E-3C9E-4AC6-AD5D-0265A3F4473B} = {AD220DBB-85EC-4BC1-B9AC-5C538787DC5F}
		{B9ED4A9A-CE54-4E0D-BC45-4A8E6D381B51} = {9B2F266F-4DD6-422D-9E8C-8C5403D23278}
		{8EF892BB-9E73-4BAF-A2E7-F910D7A3C2B0} = {50F0E14F-9731-436E-96A2-2A8D424494CB}
	EndGlobalSection
	GlobalSection(ExtensibilityGlobals) = postSolution
		SolutionGuid = {5806D430-DEB4-4E2B-8838-C80B410D7661}
	EndGlobalSection
EndGlobal
